{
  "name": "dbl-simulator",
  "version": "0.0.0",
  "lockfileVersion": 1,
  "requires": true,
  "dependencies": {
    "dblapi.js": {
      "version": "2.3.0",
      "resolved": "https://registry.npmjs.org/dblapi.js/-/dblapi.js-2.3.0.tgz",
      "integrity": "sha512-8uZQMBg1coJsL5SEN1oPj2dgjgfm0DW7FhP8XWnG2V/xcOJnQNM2kCId1g/pyqm8PYH9346olL1IrLJQ6m0wOg=="
    }
  }
}
